// !$*UTF8*$!
{
	archiveVersion = 1;
	classes = {
	};
	objectVersion = 46;
	objects = {

/* Begin PBXBuildFile section */
		178706AA1D78531B00788B39 /* AppDelegate.swift in Sources */ = {isa = PBXBuildFile; fileRef = 178706A91D78531B00788B39 /* AppDelegate.swift */; };
		178706AC1D78531B00788B39 /* ViewController.swift in Sources */ = {isa = PBXBuildFile; fileRef = 178706AB1D78531B00788B39 /* ViewController.swift */; };
		178706AF1D78531B00788B39 /* Main.storyboard in Resources */ = {isa = PBXBuildFile; fileRef = 178706AD1D78531B00788B39 /* Main.storyboard */; };
		178706B11D78531B00788B39 /* Assets.xcassets in Resources */ = {isa = PBXBuildFile; fileRef = 178706B01D78531B00788B39 /* Assets.xcassets */; };
		178706B41D78531B00788B39 /* LaunchScreen.storyboard in Resources */ = {isa = PBXBuildFile; fileRef = 178706B21D78531B00788B39 /* LaunchScreen.storyboard */; };
		178706BF1D78531B00788B39 /* BallTests.swift in Sources */ = {isa = PBXBuildFile; fileRef = 178706BE1D78531B00788B39 /* BallTests.swift */; };
		178706CA1D7854C500788B39 /* BallView.swift in Sources */ = {isa = PBXBuildFile; fileRef = 178706C91D7854C500788B39 /* BallView.swift */; };
/* End PBXBuildFile section */

/* Begin PBXContainerItemProxy section */
		178706BB1D78531B00788B39 /* PBXContainerItemProxy */ = {
			isa = PBXContainerItemProxy;
			containerPortal = 1787069E1D78531B00788B39 /* Project object */;
			proxyType = 1;
			remoteGlobalIDString = 178706A51D78531B00788B39;
			remoteInfo = Ball;
		};
/* End PBXContainerItemProxy section */

/* Begin PBXFileReference section */
		178706A61D78531B00788B39 /* Ball.app */ = {isa = PBXFileReference; explicitFileType = wrapper.application; includeInIndex = 0; path = Ball.app; sourceTree = BUILT_PRODUCTS_DIR; };
		178706A91D78531B00788B39 /* AppDelegate.swift */ = {isa = PBXFileReference; lastKnownFileType = sourcecode.swift; path = AppDelegate.swift; sourceTree = "<group>"; };
		178706AB1D78531B00788B39 /* ViewController.swift */ = {isa = PBXFileReference; lastKnownFileType = sourcecode.swift; path = ViewController.swift; sourceTree = "<group>"; };
		178706AE1D78531B00788B39 /* Base */ = {isa = PBXFileReference; lastKnownFileType = file.storyboard; name = Base; path = Base.lproj/Main.storyboard; sourceTree = "<group>"; };
		178706B01D78531B00788B39 /* Assets.xcassets */ = {isa = PBXFileReference; lastKnownFileType = folder.assetcatalog; path = Assets.xcassets; sourceTree = "<group>"; };
		178706B31D78531B00788B39 /* Base */ = {isa = PBXFileReference; lastKnownFileType = file.storyboard; name = Base; path = Base.lproj/LaunchScreen.storyboard; sourceTree = "<group>"; };
		178706B51D78531B00788B39 /* Info.plist */ = {isa = PBXFileReference; lastKnownFileType = text.plist.xml; path = Info.plist; sourceTree = "<group>"; };
		178706BA1D78531B00788B39 /* BallTests.xctest */ = {isa = PBXFileReference; explicitFileType = wrapper.cfbundle; includeInIndex = 0; path = BallTests.xctest; sourceTree = BUILT_PRODUCTS_DIR; };
		178706BE1D78531B00788B39 /* BallTests.swift */ = {isa = PBXFileReference; lastKnownFileType = sourcecode.swift; path = BallTests.swift; sourceTree = "<group>"; };
		178706C01D78531B00788B39 /* Info.plist */ = {isa = PBXFileReference; lastKnownFileType = text.plist.xml; path = Info.plist; sourceTree = "<group>"; };
		178706C91D7854C500788B39 /* BallView.swift */ = {isa = PBXFileReference; fileEncoding = 4; lastKnownFileType = sourcecode.swift; path = BallView.swift; sourceTree = "<group>"; };
/* End PBXFileReference section */

/* Begin PBXFrameworksBuildPhase section */
		178706A31D78531B00788B39 /* Frameworks */ = {
			isa = PBXFrameworksBuildPhase;
			buildActionMask = 2147483647;
			files = (
			);
			runOnlyForDeploymentPostprocessing = 0;
		};
		178706B71D78531B00788B39 /* Frameworks */ = {
			isa = PBXFrameworksBuildPhase;
			buildActionMask = 2147483647;
			files = (
			);
			runOnlyForDeploymentPostprocessing = 0;
		};
/* End PBXFrameworksBuildPhase section */

/* Begin PBXGroup section */
		1787069D1D78531B00788B39 = {
			isa = PBXGroup;
			children = (
				178706A81D78531B00788B39 /* Ball */,
				178706BD1D78531B00788B39 /* BallTests */,
				178706A71D78531B00788B39 /* Products */,
			);
			sourceTree = "<group>";
		};
		178706A71D78531B00788B39 /* Products */ = {
			isa = PBXGroup;
			children = (
				178706A61D78531B00788B39 /* Ball.app */,
				178706BA1D78531B00788B39 /* BallTests.xctest */,
			);
			name = Products;
			sourceTree = "<group>";
		};
		178706A81D78531B00788B39 /* Ball */ = {
			isa = PBXGroup;
			children = (
				178706A91D78531B00788B39 /* AppDelegate.swift */,
				178706AB1D78531B00788B39 /* ViewController.swift */,
				178706AD1D78531B00788B39 /* Main.storyboard */,
				178706B01D78531B00788B39 /* Assets.xcassets */,
				178706B21D78531B00788B39 /* LaunchScreen.storyboard */,
				178706B51D78531B00788B39 /* Info.plist */,
				178706C91D7854C500788B39 /* BallView.swift */,
			);
			path = Ball;
			sourceTree = "<group>";
		};
		178706BD1D78531B00788B39 /* BallTests */ = {
			isa = PBXGroup;
			children = (
				178706BE1D78531B00788B39 /* BallTests.swift */,
				178706C01D78531B00788B39 /* Info.plist */,
			);
			path = BallTests;
			sourceTree = "<group>";
		};
/* End PBXGroup section */

/* Begin PBXNativeTarget section */
		178706A51D78531B00788B39 /* Ball */ = {
			isa = PBXNativeTarget;
			buildConfigurationList = 178706C31D78531B00788B39 /* Build configuration list for PBXNativeTarget "Ball" */;
			buildPhases = (
				178706A21D78531B00788B39 /* Sources */,
				178706A31D78531B00788B39 /* Frameworks */,
				178706A41D78531B00788B39 /* Resources */,
			);
			buildRules = (
			);
			dependencies = (
			);
			name = Ball;
			productName = Ball;
			productReference = 178706A61D78531B00788B39 /* Ball.app */;
			productType = "com.apple.product-type.application";
		};
		178706B91D78531B00788B39 /* BallTests */ = {
			isa = PBXNativeTarget;
			buildConfigurationList = 178706C61D78531B00788B39 /* Build configuration list for PBXNativeTarget "BallTests" */;
			buildPhases = (
				178706B61D78531B00788B39 /* Sources */,
				178706B71D78531B00788B39 /* Frameworks */,
				178706B81D78531B00788B39 /* Resources */,
			);
			buildRules = (
			);
			dependencies = (
				178706BC1D78531B00788B39 /* PBXTargetDependency */,
			);
			name = BallTests;
			productName = BallTests;
			productReference = 178706BA1D78531B00788B39 /* BallTests.xctest */;
			productType = "com.apple.product-type.bundle.unit-test";
		};
/* End PBXNativeTarget section */

/* Begin PBXProject section */
		1787069E1D78531B00788B39 /* Project object */ = {
			isa = PBXProject;
			attributes = {
				LastSwiftUpdateCheck = 0730;
				LastUpgradeCheck = 0730;
				ORGANIZATIONNAME = tab;
				TargetAttributes = {
					178706A51D78531B00788B39 = {
						CreatedOnToolsVersion = 7.3.1;
						DevelopmentTeam = 6SKRWCR7JS;
					};
					178706B91D78531B00788B39 = {
						CreatedOnToolsVersion = 7.3.1;
						DevelopmentTeam = 6SKRWCR7JS;
						TestTargetID = 178706A51D78531B00788B39;
					};
				};
			};
			buildConfigurationList = 178706A11D78531B00788B39 /* Build configuration list for PBXProject "Ball" */;
			compatibilityVersion = "Xcode 3.2";
			developmentRegion = English;
			hasScannedForEncodings = 0;
			knownRegions = (
				en,
				Base,
			);
			mainGroup = 1787069D1D78531B00788B39;
			productRefGroup = 178706A71D78531B00788B39 /* Products */;
			projectDirPath = "";
			projectRoot = "";
			targets = (
				178706A51D78531B00788B39 /* Ball */,
				178706B91D78531B00788B39 /* BallTests */,
			);
		};
/* End PBXProject section */

/* Begin PBXResourcesBuildPhase section */
		178706A41D78531B00788B39 /* Resources */ = {
			isa = PBXResourcesBuildPhase;
			buildActionMask = 2147483647;
			files = (
				178706B41D78531B00788B39 /* LaunchScreen.storyboard in Resources */,
				178706B11D78531B00788B39 /* Assets.xcassets in Resources */,
				178706AF1D78531B00788B39 /* Main.storyboard in Resources */,
			);
			runOnlyForDeploymentPostprocessing = 0;
		};
		178706B81D78531B00788B39 /* Resources */ = {
			isa = PBXResourcesBuildPhase;
			buildActionMask = 2147483647;
			files = (
			);
			runOnlyForDeploymentPostprocessing = 0;
		};
/* End PBXResourcesBuildPhase section */

/* Begin PBXSourcesBuildPhase section */
		178706A21D78531B00788B39 /* Sources */ = {
			isa = PBXSourcesBuildPhase;
			buildActionMask = 2147483647;
			files = (
				178706CA1D7854C500788B39 /* BallView.swift in Sources */,
				178706AC1D78531B00788B39 /* ViewController.swift in Sources */,
				178706AA1D78531B00788B39 /* AppDelegate.swift in Sources */,
			);
			runOnlyForDeploymentPostprocessing = 0;
		};
		178706B61D78531B00788B39 /* Sources */ = {
			isa = PBXSourcesBuildPhase;
			buildActionMask = 2147483647;
			files = (
				178706BF1D78531B00788B39 /* BallTests.swift in Sources */,
			);
			runOnlyForDeploymentPostprocessing = 0;
		};
/* End PBXSourcesBuildPhase section */

/* Begin PBXTargetDependency section */
		178706BC1D78531B00788B39 /* PBXTargetDependency */ = {
			isa = PBXTargetDependency;
			target = 178706A51D78531B00788B39 /* Ball */;
			targetProxy = 178706BB1D78531B00788B39 /* PBXContainerItemProxy */;
		};
/* End PBXTargetDependency section */

/* Begin PBXVariantGroup section */
		178706AD1D78531B00788B39 /* Main.storyboard */ = {
			isa = PBXVariantGroup;
			children = (
				178706AE1D78531B00788B39 /* Base */,
			);
			name = Main.storyboard;
			sourceTree = "<group>";
		};
		178706B21D78531B00788B39 /* LaunchScreen.storyboard */ = {
			isa = PBXVariantGroup;
			children = (
				178706B31D78531B00788B39 /* Base */,
			);
			name = LaunchScreen.storyboard;
			sourceTree = "<group>";
		};
/* End PBXVariantGroup section */

/* Begin XCBuildConfiguration section */
		178706C11D78531B00788B39 /* Debug */ = {
			isa = XCBuildConfiguration;
			buildSettings = {
				ALWAYS_SEARCH_USER_PATHS = NO;
				CLANG_ANALYZER_NONNULL = YES;
				CLANG_CXX_LANGUAGE_STANDARD = "gnu++0x";
				CLANG_CXX_LIBRARY = "libc++";
				CLANG_ENABLE_MODULES = YES;
				CLANG_ENABLE_OBJC_ARC = YES;
				CLANG_WARN_BOOL_CONVERSION = YES;
				CLANG_WARN_CONSTANT_CONVERSION = YES;
				CLANG_WARN_DIRECT_OBJC_ISA_USAGE = YES_ERROR;
				CLANG_WARN_EMPTY_BODY = YES;
				CLANG_WARN_ENUM_CONVERSION = YES;
				CLANG_WARN_INT_CONVERSION = YES;
				CLANG_WARN_OBJC_ROOT_CLASS = YES_ERROR;
				CLANG_WARN_UNREACHABLE_CODE = YES;
				CLANG_WARN__DUPLICATE_METHOD_MATCH = YES;
				"CODE_SIGN_IDENTITY[sdk=iphoneos*]" = "iPhone Developer";
				COPY_PHASE_STRIP = NO;
				DEBUG_INFORMATION_FORMAT = dwarf;
				ENABLE_STRICT_OBJC_MSGSEND = YES;
				ENABLE_TESTABILITY = YES;
				GCC_C_LANGUAGE_STANDARD = gnu99;
				GCC_DYNAMIC_NO_PIC = NO;
				GCC_NO_COMMON_BLOCKS = YES;
				GCC_OPTIMIZATION_LEVEL = 0;
				GCC_PREPROCESSOR_DEFINITIONS = (
					"DEBUG=1",
					"$(inherited)",
				);
				GCC_WARN_64_TO_32_BIT_CONVERSION = YES;
				GCC_WARN_ABOUT_RETURN_TYPE = YES_ERROR;
				GCC_WARN_UNDECLARED_SELECTOR = YES;
				GCC_WARN_UNINITIALIZED_AUTOS = YES_AGGRESSIVE;
				GCC_WARN_UNUSED_FUNCTION = YES;
				GCC_WARN_UNUSED_VARIABLE = YES;
				IPHONEOS_DEPLOYMENT_TARGET = 9.3;
				MTL_ENABLE_DEBUG_INFO = YES;
				ONLY_ACTIVE_ARCH = YES;
				SDKROOT = iphoneos;
				SWIFT_OPTIMIZATION_LEVEL = "-Onone";
				TARGETED_DEVICE_FAMILY = "1,2";
			};
			name = Debug;
		};
		178706C21D78531B00788B39 /* Release */ = {
			isa = XCBuildConfiguration;
			buildSettings = {
				ALWAYS_SEARCH_USER_PATHS = NO;
				CLANG_ANALYZER_NONNULL = YES;
				CLANG_CXX_LANGUAGE_STANDARD = "gnu++0x";
				CLANG_CXX_LIBRARY = "libc++";
				CLANG_ENABLE_MODULES = YES;
				CLANG_ENABLE_OBJC_ARC = YES;
				CLANG_WARN_BOOL_CONVERSION = YES;
				CLANG_WARN_CONSTANT_CONVERSION = YES;
				CLANG_WARN_DIRECT_OBJC_ISA_USAGE = YES_ERROR;
				CLANG_WARN_EMPTY_BODY = YES;
				CLANG_WARN_ENUM_CONVERSION = YES;
				CLANG_WARN_INT_CONVERSION = YES;
				CLANG_WARN_OBJC_ROOT_CLASS = YES_ERROR;
				CLANG_WARN_UNREACHABLE_CODE = YES;
				CLANG_WARN__DUPLICATE_METHOD_MATCH = YES;
				"CODE_SIGN_IDENTITY[sdk=iphoneos*]" = "iPhone Developer";
				COPY_PHASE_STRIP = NO;
				DEBUG_INFORMATION_FORMAT = "dwarf-with-dsym";
				ENABLE_NS_ASSERTIONS = NO;
				ENABLE_STRICT_OBJC_MSGSEND = YES;
				GCC_C_LANGUAGE_STANDARD = gnu99;
				GCC_NO_COMMON_BLOCKS = YES;
				GCC_WARN_64_TO_32_BIT_CONVERSION = YES;
				GCC_WARN_ABOUT_RETURN_TYPE = YES_ERROR;
				GCC_WARN_UNDECLARED_SELECTOR = YES;
				GCC_WARN_UNINITIALIZED_AUTOS = YES_AGGRESSIVE;
				GCC_WARN_UNUSED_FUNCTION = YES;
				GCC_WARN_UNUSED_VARIABLE = YES;
				IPHONEOS_DEPLOYMENT_TARGET = 9.3;
				MTL_ENABLE_DEBUG_INFO = NO;
				SDKROOT = iphoneos;
				TARGETED_DEVICE_FAMILY = "1,2";
				VALIDATE_PRODUCT = YES;
			};
			name = Release;
		};
		178706C41D78531B00788B39 /* Debug */ = {
			isa = XCBuildConfiguration;
			buildSettings = {
				ASSETCATALOG_COMPILER_APPICON_NAME = AppIcon;
				INFOPLIST_FILE = Ball/Info.plist;
				IPHONEOS_DEPLOYMENT_TARGET = 9.0;
				LD_RUNPATH_SEARCH_PATHS = "$(inherited) @executable_path/Frameworks";
				PRODUCT_BUNDLE_IDENTIFIER = com.tab.Ball;
				PRODUCT_NAME = "$(TARGET_NAME)";
			};
			name = Debug;
		};
		178706C51D78531B00788B39 /* Release */ = {
			isa = XCBuildConfiguration;
			buildSettings = {
				ASSETCATALOG_COMPILER_APPICON_NAME = AppIcon;
				INFOPLIST_FILE = Ball/Info.plist;
				IPHONEOS_DEPLOYMENT_TARGET = 9.0;
				LD_RUNPATH_SEARCH_PATHS = "$(inherited) @executable_path/Frameworks";
				PRODUCT_BUNDLE_IDENTIFIER = com.tab.Ball;
				PRODUCT_NAME = "$(TARGET_NAME)";
			};
			name = Release;
		};
		178706C71D78531B00788B39 /* Debug */ = {
			isa = XCBuildConfiguration;
			buildSettings = {
				BUNDLE_LOADER = "$(TEST_HOST)";
				INFOPLIST_FILE = BallTests/Info.plist;
				LD_RUNPATH_SEARCH_PATHS = "$(inherited) @executable_path/Frameworks @loader_path/Frameworks";
				PRODUCT_BUNDLE_IDENTIFIER = com.tab.BallTests;
				PRODUCT_NAME = "$(TARGET_NAME)";
				TEST_HOST = "$(BUILT_PRODUCTS_DIR)/Ball.app/Ball";
			};
			name = Debug;
		};
		178706C81D78531B00788B39 /* Release */ = {
			isa = XCBuildConfiguration;
			buildSettings = {
				BUNDLE_LOADER = "$(TEST_HOST)";
				INFOPLIST_FILE = BallTests/Info.plist;
				LD_RUNPATH_SEARCH_PATHS = "$(inherited) @executable_path/Frameworks @loader_path/Frameworks";
				PRODUCT_BUNDLE_IDENTIFIER = com.tab.BallTests;
				PRODUCT_NAME = "$(TARGET_NAME)";
				TEST_HOST = "$(BUILT_PRODUCTS_DIR)/Ball.app/Ball";
			};
			name = Release;
		};
/* End XCBuildConfiguration section */

/* Begin XCConfigurationList section */
		178706A11D78531B00788B39 /* Build configuration list for PBXProject "Ball" */ = {
			isa = XCConfigurationList;
			buildConfigurations = (
				178706C11D78531B00788B39 /* Debug */,
				178706C21D78531B00788B39 /* Release */,
			);
			defaultConfigurationIsVisible = 0;
			defaultConfigurationName = Release;
		};
		178706C31D78531B00788B39 /* Build configuration list for PBXNativeTarget "Ball" */ = {
			isa = XCConfigurationList;
			buildConfigurations = (
				178706C41D78531B00788B39 /* Debug */,
				178706C51D78531B00788B39 /* Release */,
			);
			defaultConfigurationIsVisible = 0;
		};
		178706C61D78531B00788B39 /* Build configuration list for PBXNativeTarget "BallTests" */ = {
			isa = XCConfigurationList;
			buildConfigurations = (
				178706C71D78531B00788B39 /* Debug */,
				178706C81D78531B00788B39 /* Release */,
			);
			defaultConfigurationIsVisible = 0;
		};
/* End XCConfigurationList section */
	};
	rootObject = 1787069E1D78531B00788B39 /* Project object */;
}
