// !$*UTF8*$!
{
	archiveVersion = 1;
	classes = {
	};
	objectVersion = 46;
	objects = {

/* Begin PBXBuildFile section */
		17812A731DB0BA4100D2E8BF /* CommanLIB.m in Sources */ = {isa = PBXBuildFile; fileRef = 17812A721DB0BA4100D2E8BF /* CommanLIB.m */; };
		17812A741DB0BA4100D2E8BF /* CommanLIB.h in CopyFiles */ = {isa = PBXBuildFile; fileRef = 17812A711DB0BA4100D2E8BF /* CommanLIB.h */; };
		17812A7C1DB0BAA100D2E8BF /* GCD.m in Sources */ = {isa = PBXBuildFile; fileRef = 17812A7B1DB0BAA100D2E8BF /* GCD.m */; };
/* End PBXBuildFile section */

/* Begin PBXCopyFilesBuildPhase section */
		17812A6C1DB0BA4100D2E8BF /* CopyFiles */ = {
			isa = PBXCopyFilesBuildPhase;
			buildActionMask = 2147483647;
			dstPath = "include/$(PRODUCT_NAME)";
			dstSubfolderSpec = 16;
			files = (
				17812A741DB0BA4100D2E8BF /* CommanLIB.h in CopyFiles */,
			);
			runOnlyForDeploymentPostprocessing = 0;
		};
/* End PBXCopyFilesBuildPhase section */

/* Begin PBXFileReference section */
		17812A6E1DB0BA4100D2E8BF /* libCommanLIB.a */ = {isa = PBXFileReference; explicitFileType = archive.ar; includeInIndex = 0; path = libCommanLIB.a; sourceTree = BUILT_PRODUCTS_DIR; };
		17812A711DB0BA4100D2E8BF /* CommanLIB.h */ = {isa = PBXFileReference; lastKnownFileType = sourcecode.c.h; path = CommanLIB.h; sourceTree = "<group>"; };
		17812A721DB0BA4100D2E8BF /* CommanLIB.m */ = {isa = PBXFileReference; lastKnownFileType = sourcecode.c.objc; path = CommanLIB.m; sourceTree = "<group>"; };
		17812A7A1DB0BAA100D2E8BF /* GCD.h */ = {isa = PBXFileReference; fileEncoding = 4; lastKnownFileType = sourcecode.c.h; path = GCD.h; sourceTree = "<group>"; };
		17812A7B1DB0BAA100D2E8BF /* GCD.m */ = {isa = PBXFileReference; fileEncoding = 4; lastKnownFileType = sourcecode.c.objc; path = GCD.m; sourceTree = "<group>"; };
/* End PBXFileReference section */

/* Begin PBXFrameworksBuildPhase section */
		17812A6B1DB0BA4100D2E8BF /* Frameworks */ = {
			isa = PBXFrameworksBuildPhase;
			buildActionMask = 2147483647;
			files = (
			);
			runOnlyForDeploymentPostprocessing = 0;
		};
/* End PBXFrameworksBuildPhase section */

/* Begin PBXGroup section */
		17812A651DB0BA4100D2E8BF = {
			isa = PBXGroup;
			children = (
				17812A701DB0BA4100D2E8BF /* CommanLIB */,
				17812A6F1DB0BA4100D2E8BF /* Products */,
			);
			sourceTree = "<group>";
		};
		17812A6F1DB0BA4100D2E8BF /* Products */ = {
			isa = PBXGroup;
			children = (
				17812A6E1DB0BA4100D2E8BF /* libCommanLIB.a */,
			);
			name = Products;
			sourceTree = "<group>";
		};
		17812A701DB0BA4100D2E8BF /* CommanLIB */ = {
			isa = PBXGroup;
			children = (
				17812A711DB0BA4100D2E8BF /* CommanLIB.h */,
				17812A721DB0BA4100D2E8BF /* CommanLIB.m */,
				17812A7A1DB0BAA100D2E8BF /* GCD.h */,
				17812A7B1DB0BAA100D2E8BF /* GCD.m */,
			);
			path = CommanLIB;
			sourceTree = "<group>";
		};
/* End PBXGroup section */

/* Begin PBXNativeTarget section */
		17812A6D1DB0BA4100D2E8BF /* CommanLIB */ = {
			isa = PBXNativeTarget;
			buildConfigurationList = 17812A771DB0BA4100D2E8BF /* Build configuration list for PBXNativeTarget "CommanLIB" */;
			buildPhases = (
				17812A6A1DB0BA4100D2E8BF /* Sources */,
				17812A6B1DB0BA4100D2E8BF /* Frameworks */,
				17812A6C1DB0BA4100D2E8BF /* CopyFiles */,
			);
			buildRules = (
			);
			dependencies = (
			);
			name = CommanLIB;
			productName = CommanLIB;
			productReference = 17812A6E1DB0BA4100D2E8BF /* libCommanLIB.a */;
			productType = "com.apple.product-type.library.static";
		};
/* End PBXNativeTarget section */

/* Begin PBXProject section */
		17812A661DB0BA4100D2E8BF /* Project object */ = {
			isa = PBXProject;
			attributes = {
				LastUpgradeCheck = 0800;
				ORGANIZATIONNAME = tab;
				TargetAttributes = {
					17812A6D1DB0BA4100D2E8BF = {
						CreatedOnToolsVersion = 8.0;
						ProvisioningStyle = Automatic;
					};
				};
			};
			buildConfigurationList = 17812A691DB0BA4100D2E8BF /* Build configuration list for PBXProject "CommanLIB" */;
			compatibilityVersion = "Xcode 3.2";
			developmentRegion = English;
			hasScannedForEncodings = 0;
			knownRegions = (
				en,
			);
			mainGroup = 17812A651DB0BA4100D2E8BF;
			productRefGroup = 17812A6F1DB0BA4100D2E8BF /* Products */;
			projectDirPath = "";
			projectRoot = "";
			targets = (
				17812A6D1DB0BA4100D2E8BF /* CommanLIB */,
			);
		};
/* End PBXProject section */

/* Begin PBXSourcesBuildPhase section */
		17812A6A1DB0BA4100D2E8BF /* Sources */ = {
			isa = PBXSourcesBuildPhase;
			buildActionMask = 2147483647;
			files = (
				17812A7C1DB0BAA100D2E8BF /* GCD.m in Sources */,
				17812A731DB0BA4100D2E8BF /* CommanLIB.m in Sources */,
			);
			runOnlyForDeploymentPostprocessing = 0;
		};
/* End PBXSourcesBuildPhase section */

/* Begin XCBuildConfiguration section */
		17812A751DB0BA4100D2E8BF /* Debug */ = {
			isa = XCBuildConfiguration;
			buildSettings = {
				ALWAYS_SEARCH_USER_PATHS = NO;
				CLANG_ANALYZER_NONNULL = YES;
				CLANG_CXX_LANGUAGE_STANDARD = "gnu++0x";
				CLANG_CXX_LIBRARY = "libc++";
				CLANG_ENABLE_MODULES = YES;
				CLANG_ENABLE_OBJC_ARC = YES;
				CLANG_WARN_BOOL_CONVERSION = YES;
				CLANG_WARN_CONSTANT_CONVERSION = YES;
				CLANG_WARN_DIRECT_OBJC_ISA_USAGE = YES_ERROR;
				CLANG_WARN_DOCUMENTATION_COMMENTS = YES;
				CLANG_WARN_EMPTY_BODY = YES;
				CLANG_WARN_ENUM_CONVERSION = YES;
				CLANG_WARN_INFINITE_RECURSION = YES;
				CLANG_WARN_INT_CONVERSION = YES;
				CLANG_WARN_OBJC_ROOT_CLASS = YES_ERROR;
				CLANG_WARN_SUSPICIOUS_MOVES = YES;
				CLANG_WARN_UNREACHABLE_CODE = YES;
				CLANG_WARN__DUPLICATE_METHOD_MATCH = YES;
				"CODE_SIGN_IDENTITY[sdk=iphoneos*]" = "iPhone Developer";
				COPY_PHASE_STRIP = NO;
				DEBUG_INFORMATION_FORMAT = dwarf;
				ENABLE_STRICT_OBJC_MSGSEND = YES;
				ENABLE_TESTABILITY = YES;
				GCC_C_LANGUAGE_STANDARD = gnu99;
				GCC_DYNAMIC_NO_PIC = NO;
				GCC_NO_COMMON_BLOCKS = YES;
				GCC_OPTIMIZATION_LEVEL = 0;
				GCC_PREPROCESSOR_DEFINITIONS = (
					"DEBUG=1",
					"$(inherited)",
				);
				GCC_WARN_64_TO_32_BIT_CONVERSION = YES;
				GCC_WARN_ABOUT_RETURN_TYPE = YES_ERROR;
				GCC_WARN_UNDECLARED_SELECTOR = YES;
				GCC_WARN_UNINITIALIZED_AUTOS = YES_AGGRESSIVE;
				GCC_WARN_UNUSED_FUNCTION = YES;
				GCC_WARN_UNUSED_VARIABLE = YES;
				IPHONEOS_DEPLOYMENT_TARGET = 10.0;
				MTL_ENABLE_DEBUG_INFO = YES;
				ONLY_ACTIVE_ARCH = YES;
				SDKROOT = iphoneos;
			};
			name = Debug;
		};
		17812A761DB0BA4100D2E8BF /* Release */ = {
			isa = XCBuildConfiguration;
			buildSettings = {
				ALWAYS_SEARCH_USER_PATHS = NO;
				CLANG_ANALYZER_NONNULL = YES;
				CLANG_CXX_LANGUAGE_STANDARD = "gnu++0x";
				CLANG_CXX_LIBRARY = "libc++";
				CLANG_ENABLE_MODULES = YES;
				CLANG_ENABLE_OBJC_ARC = YES;
				CLANG_WARN_BOOL_CONVERSION = YES;
				CLANG_WARN_CONSTANT_CONVERSION = YES;
				CLANG_WARN_DIRECT_OBJC_ISA_USAGE = YES_ERROR;
				CLANG_WARN_DOCUMENTATION_COMMENTS = YES;
				CLANG_WARN_EMPTY_BODY = YES;
				CLANG_WARN_ENUM_CONVERSION = YES;
				CLANG_WARN_INFINITE_RECURSION = YES;
				CLANG_WARN_INT_CONVERSION = YES;
				CLANG_WARN_OBJC_ROOT_CLASS = YES_ERROR;
				CLANG_WARN_SUSPICIOUS_MOVES = YES;
				CLANG_WARN_UNREACHABLE_CODE = YES;
				CLANG_WARN__DUPLICATE_METHOD_MATCH = YES;
				"CODE_SIGN_IDENTITY[sdk=iphoneos*]" = "iPhone Developer";
				COPY_PHASE_STRIP = NO;
				DEBUG_INFORMATION_FORMAT = "dwarf-with-dsym";
				ENABLE_NS_ASSERTIONS = NO;
				ENABLE_STRICT_OBJC_MSGSEND = YES;
				GCC_C_LANGUAGE_STANDARD = gnu99;
				GCC_NO_COMMON_BLOCKS = YES;
				GCC_WARN_64_TO_32_BIT_CONVERSION = YES;
				GCC_WARN_ABOUT_RETURN_TYPE = YES_ERROR;
				GCC_WARN_UNDECLARED_SELECTOR = YES;
				GCC_WARN_UNINITIALIZED_AUTOS = YES_AGGRESSIVE;
				GCC_WARN_UNUSED_FUNCTION = YES;
				GCC_WARN_UNUSED_VARIABLE = YES;
				IPHONEOS_DEPLOYMENT_TARGET = 10.0;
				MTL_ENABLE_DEBUG_INFO = NO;
				SDKROOT = iphoneos;
				VALIDATE_PRODUCT = YES;
			};
			name = Release;
		};
		17812A781DB0BA4100D2E8BF /* Debug */ = {
			isa = XCBuildConfiguration;
			buildSettings = {
				OTHER_LDFLAGS = "-ObjC";
				PRODUCT_NAME = "$(TARGET_NAME)";
				SKIP_INSTALL = YES;
			};
			name = Debug;
		};
		17812A791DB0BA4100D2E8BF /* Release */ = {
			isa = XCBuildConfiguration;
			buildSettings = {
				OTHER_LDFLAGS = "-ObjC";
				PRODUCT_NAME = "$(TARGET_NAME)";
				SKIP_INSTALL = YES;
			};
			name = Release;
		};
/* End XCBuildConfiguration section */

/* Begin XCConfigurationList section */
		17812A691DB0BA4100D2E8BF /* Build configuration list for PBXProject "CommanLIB" */ = {
			isa = XCConfigurationList;
			buildConfigurations = (
				17812A751DB0BA4100D2E8BF /* Debug */,
				17812A761DB0BA4100D2E8BF /* Release */,
			);
			defaultConfigurationIsVisible = 0;
			defaultConfigurationName = Release;
		};
		17812A771DB0BA4100D2E8BF /* Build configuration list for PBXNativeTarget "CommanLIB" */ = {
			isa = XCConfigurationList;
			buildConfigurations = (
				17812A781DB0BA4100D2E8BF /* Debug */,
				17812A791DB0BA4100D2E8BF /* Release */,
			);
			defaultConfigurationIsVisible = 0;
		};
/* End XCConfigurationList section */
	};
	rootObject = 17812A661DB0BA4100D2E8BF /* Project object */;
}
